
Microsoft Visual Studio Solution File, Format Version 12.00
# Visual Studio Version 17
VisualStudioVersion = 17.3.32922.545
MinimumVisualStudioVersion = 10.0.40219.1
Project("{FAE04EC0-301F-11D3-BF4B-00C04F79EFBC}") = "SecureCoding", "SecureCoding\SecureCoding.csproj", "{84A29FBF-48D4-45E4-8CB1-97C725B6C86D}"
EndProject
Project("{FAE04EC0-301F-11D3-BF4B-00C04F79EFBC}") = "NotSecure", "NotSecure\NotSecure.csproj", "{61B0B3CA-B47B-4715-86AB-71632D38F96E}"
EndProject
Global
	GlobalSection(SolutionConfigurationPlatforms) = preSolution
		Debug|Any CPU = Debug|Any CPU
		Release|Any CPU = Release|Any CPU
	EndGlobalSection
	GlobalSection(ProjectConfigurationPlatforms) = postSolution
		{84A29FBF-48D4-45E4-8CB1-97C725B6C86D}.Debug|Any CPU.ActiveCfg = Debug|Any CPU
		{84A29FBF-48D4-45E4-8CB1-97C725B6C86D}.Debug|Any CPU.Build.0 = Debug|Any CPU
		{84A29FBF-48D4-45E4-8CB1-97C725B6C86D}.Release|Any CPU.ActiveCfg = Release|Any CPU
		{84A29FBF-48D4-45E4-8CB1-97C725B6C86D}.Release|Any CPU.Build.0 = Release|Any CPU
		{61B0B3CA-B47B-4715-86AB-71632D38F96E}.Debug|Any CPU.ActiveCfg = Debug|Any CPU
		{61B0B3CA-B47B-4715-86AB-71632D38F96E}.Debug|Any CPU.Build.0 = Debug|Any CPU
		{61B0B3CA-B47B-4715-86AB-71632D38F96E}.Release|Any CPU.ActiveCfg = Release|Any CPU
		{61B0B3CA-B47B-4715-86AB-71632D38F96E}.Release|Any CPU.Build.0 = Release|Any CPU
	EndGlobalSection
	GlobalSection(SolutionProperties) = preSolution
		HideSolutionNode = FALSE
	EndGlobalSection
	GlobalSection(ExtensibilityGlobals) = postSolution
		SolutionGuid = {6F335E9F-9BC2-4587-9915-D76A1FDF2BB8}
	EndGlobalSection
EndGlobal
