
Microsoft Visual Studio Solution File, Format Version 12.00
# Visual Studio Version 17
VisualStudioVersion = 17.3.32922.545
MinimumVisualStudioVersion = 10.0.40219.1
Project("{9A19103F-16F7-4668-BE54-9A1E7A4F7556}") = "AirplaneSecure", "AirplaneSecure\AirplaneSecure.csproj", "{DF42D9B5-1DDA-460C-98EE-CA03A48F8067}"
EndProject
Project("{9A19103F-16F7-4668-BE54-9A1E7A4F7556}") = "AirplaneNotSecure", "AirplaneNotSecure\AirplaneNotSecure.csproj", "{0EC1D447-0586-43D3-85EE-799D5E4057F0}"
EndProject
Project("{FAE04EC0-301F-11D3-BF4B-00C04F79EFBC}") = "Process", "Process\Process.csproj", "{901401AB-4802-47B9-8C96-BC5E865CBC80}"
EndProject
Global
	GlobalSection(SolutionConfigurationPlatforms) = preSolution
		Debug|Any CPU = Debug|Any CPU
		Release|Any CPU = Release|Any CPU
	EndGlobalSection
	GlobalSection(ProjectConfigurationPlatforms) = postSolution
		{DF42D9B5-1DDA-460C-98EE-CA03A48F8067}.Debug|Any CPU.ActiveCfg = Debug|Any CPU
		{DF42D9B5-1DDA-460C-98EE-CA03A48F8067}.Debug|Any CPU.Build.0 = Debug|Any CPU
		{DF42D9B5-1DDA-460C-98EE-CA03A48F8067}.Release|Any CPU.ActiveCfg = Release|Any CPU
		{DF42D9B5-1DDA-460C-98EE-CA03A48F8067}.Release|Any CPU.Build.0 = Release|Any CPU
		{0EC1D447-0586-43D3-85EE-799D5E4057F0}.Debug|Any CPU.ActiveCfg = Debug|Any CPU
		{0EC1D447-0586-43D3-85EE-799D5E4057F0}.Debug|Any CPU.Build.0 = Debug|Any CPU
		{0EC1D447-0586-43D3-85EE-799D5E4057F0}.Release|Any CPU.ActiveCfg = Release|Any CPU
		{0EC1D447-0586-43D3-85EE-799D5E4057F0}.Release|Any CPU.Build.0 = Release|Any CPU
		{901401AB-4802-47B9-8C96-BC5E865CBC80}.Debug|Any CPU.ActiveCfg = Debug|Any CPU
		{901401AB-4802-47B9-8C96-BC5E865CBC80}.Debug|Any CPU.Build.0 = Debug|Any CPU
		{901401AB-4802-47B9-8C96-BC5E865CBC80}.Release|Any CPU.ActiveCfg = Release|Any CPU
		{901401AB-4802-47B9-8C96-BC5E865CBC80}.Release|Any CPU.Build.0 = Release|Any CPU
	EndGlobalSection
	GlobalSection(SolutionProperties) = preSolution
		HideSolutionNode = FALSE
	EndGlobalSection
	GlobalSection(ExtensibilityGlobals) = postSolution
		SolutionGuid = {6F335E9F-9BC2-4587-9915-D76A1FDF2BB8}
	EndGlobalSection
EndGlobal
